
Microsoft Visual Studio Solution File, Format Version 12.00
# Visual Studio Version 17
VisualStudioVersion = 17.0.32126.317
MinimumVisualStudioVersion = 10.0.40219.1
Project("{FAE04EC0-301F-11D3-BF4B-00C04F79EFBC}") = "EncoraTest", "EncoraTest\EncoraTest.csproj", "{1B63BDB6-41C8-4E81-8F05-9400479D694A}"
EndProject
Project("{FAE04EC0-301F-11D3-BF4B-00C04F79EFBC}") = "EncoraTest.Tests", "EncoraTest.Tests\EncoraTest.Tests.csproj", "{37782960-D044-45BC-AF77-98321716A57C}"
EndProject
Global
	GlobalSection(SolutionConfigurationPlatforms) = preSolution
		Debug|Any CPU = Debug|Any CPU
		Release|Any CPU = Release|Any CPU
	EndGlobalSection
	GlobalSection(ProjectConfigurationPlatforms) = postSolution
		{1B63BDB6-41C8-4E81-8F05-9400479D694A}.Debug|Any CPU.ActiveCfg = Debug|Any CPU
		{1B63BDB6-41C8-4E81-8F05-9400479D694A}.Debug|Any CPU.Build.0 = Debug|Any CPU
		{1B63BDB6-41C8-4E81-8F05-9400479D694A}.Release|Any CPU.ActiveCfg = Release|Any CPU
		{1B63BDB6-41C8-4E81-8F05-9400479D694A}.Release|Any CPU.Build.0 = Release|Any CPU
		{37782960-D044-45BC-AF77-98321716A57C}.Debug|Any CPU.ActiveCfg = Debug|Any CPU
		{37782960-D044-45BC-AF77-98321716A57C}.Debug|Any CPU.Build.0 = Debug|Any CPU
		{37782960-D044-45BC-AF77-98321716A57C}.Release|Any CPU.ActiveCfg = Release|Any CPU
		{37782960-D044-45BC-AF77-98321716A57C}.Release|Any CPU.Build.0 = Release|Any CPU
	EndGlobalSection
	GlobalSection(SolutionProperties) = preSolution
		HideSolutionNode = FALSE
	EndGlobalSection
	GlobalSection(ExtensibilityGlobals) = postSolution
		SolutionGuid = {EEF5FA0D-FAA4-46EE-970B-412B28B1E889}
	EndGlobalSection
EndGlobal
